// !$*UTF8*$!
{
	archiveVersion = 1;
	classes = {
	};
	objectVersion = 46;
	objects = {

/* Begin PBXBuildFile section */
		69D455F7018186DE54ED7407 /* Pods_Twitter.framework in Frameworks */ = {isa = PBXBuildFile; fileRef = B744B76C97F78799BD36E766 /* Pods_Twitter.framework */; settings = {ATTRIBUTES = (Weak, ); }; };
		AA4B47541BC578F200C6D737 /* MainViewController.swift in Sources */ = {isa = PBXBuildFile; fileRef = AA4B47531BC578F200C6D737 /* MainViewController.swift */; settings = {ASSET_TAGS = (); }; };
		AA4B47561BC57B2200C6D737 /* MenuViewController.swift in Sources */ = {isa = PBXBuildFile; fileRef = AA4B47551BC57B2200C6D737 /* MenuViewController.swift */; settings = {ASSET_TAGS = (); }; };
		AA4B47581BC57E0E00C6D737 /* ContentViewController.swift in Sources */ = {isa = PBXBuildFile; fileRef = AA4B47571BC57E0E00C6D737 /* ContentViewController.swift */; settings = {ASSET_TAGS = (); }; };
		AA4B475A1BC5A7A500C6D737 /* hamburger2.png in Resources */ = {isa = PBXBuildFile; fileRef = AA4B47591BC5A7A500C6D737 /* hamburger2.png */; settings = {ASSET_TAGS = (); }; };
		AA57C54E1BBF2EEA004A06F0 /* favorite.png in Resources */ = {isa = PBXBuildFile; fileRef = AA57C54B1BBF2EEA004A06F0 /* favorite.png */; settings = {ASSET_TAGS = (); }; };
		AA57C54F1BBF2EEA004A06F0 /* reply.png in Resources */ = {isa = PBXBuildFile; fileRef = AA57C54C1BBF2EEA004A06F0 /* reply.png */; settings = {ASSET_TAGS = (); }; };
		AA57C5501BBF2EEA004A06F0 /* retweet.png in Resources */ = {isa = PBXBuildFile; fileRef = AA57C54D1BBF2EEA004A06F0 /* retweet.png */; settings = {ASSET_TAGS = (); }; };
		AA86559F1BC5E78A002D2FD0 /* MentionsViewController.swift in Sources */ = {isa = PBXBuildFile; fileRef = AA86559E1BC5E78A002D2FD0 /* MentionsViewController.swift */; settings = {ASSET_TAGS = (); }; };
		AA8655A11BC5E794002D2FD0 /* ProfileViewController.swift in Sources */ = {isa = PBXBuildFile; fileRef = AA8655A01BC5E794002D2FD0 /* ProfileViewController.swift */; settings = {ASSET_TAGS = (); }; };
		AA92699F1BC0965500493AC7 /* favorited.png in Resources */ = {isa = PBXBuildFile; fileRef = AA92699E1BC0965500493AC7 /* favorited.png */; settings = {ASSET_TAGS = (); }; };
		AAB0392E1BC191FD00A6D838 /* retweeted.png in Resources */ = {isa = PBXBuildFile; fileRef = AAB0392D1BC191FD00A6D838 /* retweeted.png */; settings = {ASSET_TAGS = (); }; };
		AAB039341BC1BE2A00A6D838 /* ComposeViewController.swift in Sources */ = {isa = PBXBuildFile; fileRef = AAB039331BC1BE2A00A6D838 /* ComposeViewController.swift */; settings = {ASSET_TAGS = (); }; };
		AAB039361BC1BF1800A6D838 /* twitter_logo@2x.png in Resources */ = {isa = PBXBuildFile; fileRef = AAB039351BC1BF1800A6D838 /* twitter_logo@2x.png */; settings = {ASSET_TAGS = (); }; };
		AAB039381BC2076900A6D838 /* TweetDetailViewController.swift in Sources */ = {isa = PBXBuildFile; fileRef = AAB039371BC2076900A6D838 /* TweetDetailViewController.swift */; settings = {ASSET_TAGS = (); }; };
		AAE76F3D1BB9B2B5004AC1EE /* TwitterClient.swift in Sources */ = {isa = PBXBuildFile; fileRef = AAE76F3C1BB9B2B5004AC1EE /* TwitterClient.swift */; settings = {ASSET_TAGS = (); }; };
		AAF541FD1BB9A120002FE05A /* AppDelegate.swift in Sources */ = {isa = PBXBuildFile; fileRef = AAF541FC1BB9A120002FE05A /* AppDelegate.swift */; };
		AAF541FF1BB9A120002FE05A /* LoginViewController.swift in Sources */ = {isa = PBXBuildFile; fileRef = AAF541FE1BB9A120002FE05A /* LoginViewController.swift */; };
		AAF542021BB9A120002FE05A /* Main.storyboard in Resources */ = {isa = PBXBuildFile; fileRef = AAF542001BB9A120002FE05A /* Main.storyboard */; };
		AAF542041BB9A120002FE05A /* Assets.xcassets in Resources */ = {isa = PBXBuildFile; fileRef = AAF542031BB9A120002FE05A /* Assets.xcassets */; };
		AAF542071BB9A120002FE05A /* LaunchScreen.storyboard in Resources */ = {isa = PBXBuildFile; fileRef = AAF542051BB9A120002FE05A /* LaunchScreen.storyboard */; };
		AAF8C2391BBC3F5A00144CEE /* User.swift in Sources */ = {isa = PBXBuildFile; fileRef = AAF8C2381BBC3F5A00144CEE /* User.swift */; settings = {ASSET_TAGS = (); }; };
		AAF8C23B1BBC3F7400144CEE /* Tweet.swift in Sources */ = {isa = PBXBuildFile; fileRef = AAF8C23A1BBC3F7400144CEE /* Tweet.swift */; settings = {ASSET_TAGS = (); }; };
		AAF8C23E1BBC4F3000144CEE /* TweetsViewController.swift in Sources */ = {isa = PBXBuildFile; fileRef = AAF8C23D1BBC4F3000144CEE /* TweetsViewController.swift */; settings = {ASSET_TAGS = (); }; };
		AAF8C2411BBC805E00144CEE /* TweetCell.swift in Sources */ = {isa = PBXBuildFile; fileRef = AAF8C2401BBC805E00144CEE /* TweetCell.swift */; settings = {ASSET_TAGS = (); }; };
/* End PBXBuildFile section */

/* Begin PBXFileReference section */
		15628DB6BE195DDED14104F5 /* Pods-Twitter.debug.xcconfig */ = {isa = PBXFileReference; includeInIndex = 1; lastKnownFileType = text.xcconfig; name = "Pods-Twitter.debug.xcconfig"; path = "Pods/Target Support Files/Pods-Twitter/Pods-Twitter.debug.xcconfig"; sourceTree = "<group>"; };
		98CA374CBAC95D23F67C6FEE /* Pods-Twitter.release.xcconfig */ = {isa = PBXFileReference; includeInIndex = 1; lastKnownFileType = text.xcconfig; name = "Pods-Twitter.release.xcconfig"; path = "Pods/Target Support Files/Pods-Twitter/Pods-Twitter.release.xcconfig"; sourceTree = "<group>"; };
		AA4B47531BC578F200C6D737 /* MainViewController.swift */ = {isa = PBXFileReference; fileEncoding = 4; lastKnownFileType = sourcecode.swift; path = MainViewController.swift; sourceTree = "<group>"; };
		AA4B47551BC57B2200C6D737 /* MenuViewController.swift */ = {isa = PBXFileReference; fileEncoding = 4; lastKnownFileType = sourcecode.swift; path = MenuViewController.swift; sourceTree = "<group>"; };
		AA4B47571BC57E0E00C6D737 /* ContentViewController.swift */ = {isa = PBXFileReference; fileEncoding = 4; lastKnownFileType = sourcecode.swift; path = ContentViewController.swift; sourceTree = "<group>"; };
		AA4B47591BC5A7A500C6D737 /* hamburger2.png */ = {isa = PBXFileReference; lastKnownFileType = image.png; path = hamburger2.png; sourceTree = "<group>"; };
		AA57C54B1BBF2EEA004A06F0 /* favorite.png */ = {isa = PBXFileReference; lastKnownFileType = image.png; path = favorite.png; sourceTree = "<group>"; };
		AA57C54C1BBF2EEA004A06F0 /* reply.png */ = {isa = PBXFileReference; lastKnownFileType = image.png; path = reply.png; sourceTree = "<group>"; };
		AA57C54D1BBF2EEA004A06F0 /* retweet.png */ = {isa = PBXFileReference; lastKnownFileType = image.png; path = retweet.png; sourceTree = "<group>"; };
		AA86559E1BC5E78A002D2FD0 /* MentionsViewController.swift */ = {isa = PBXFileReference; fileEncoding = 4; lastKnownFileType = sourcecode.swift; path = MentionsViewController.swift; sourceTree = "<group>"; };
		AA8655A01BC5E794002D2FD0 /* ProfileViewController.swift */ = {isa = PBXFileReference; fileEncoding = 4; lastKnownFileType = sourcecode.swift; path = ProfileViewController.swift; sourceTree = "<group>"; };
		AA92699E1BC0965500493AC7 /* favorited.png */ = {isa = PBXFileReference; lastKnownFileType = image.png; path = favorited.png; sourceTree = "<group>"; };
		AAB0392D1BC191FD00A6D838 /* retweeted.png */ = {isa = PBXFileReference; lastKnownFileType = image.png; path = retweeted.png; sourceTree = "<group>"; };
		AAB039331BC1BE2A00A6D838 /* ComposeViewController.swift */ = {isa = PBXFileReference; fileEncoding = 4; lastKnownFileType = sourcecode.swift; path = ComposeViewController.swift; sourceTree = "<group>"; };
		AAB039351BC1BF1800A6D838 /* twitter_logo@2x.png */ = {isa = PBXFileReference; lastKnownFileType = image.png; path = "twitter_logo@2x.png"; sourceTree = "<group>"; };
		AAB039371BC2076900A6D838 /* TweetDetailViewController.swift */ = {isa = PBXFileReference; fileEncoding = 4; lastKnownFileType = sourcecode.swift; path = TweetDetailViewController.swift; sourceTree = "<group>"; };
		AAE76F361BB9A411004AC1EE /* Twitter-Bridging-Header.h */ = {isa = PBXFileReference; lastKnownFileType = sourcecode.c.h; path = "Twitter-Bridging-Header.h"; sourceTree = "<group>"; };
		AAE76F3C1BB9B2B5004AC1EE /* TwitterClient.swift */ = {isa = PBXFileReference; fileEncoding = 4; lastKnownFileType = sourcecode.swift; path = TwitterClient.swift; sourceTree = "<group>"; };
		AAF541F91BB9A120002FE05A /* Twitter.app */ = {isa = PBXFileReference; explicitFileType = wrapper.application; includeInIndex = 0; path = Twitter.app; sourceTree = BUILT_PRODUCTS_DIR; };
		AAF541FC1BB9A120002FE05A /* AppDelegate.swift */ = {isa = PBXFileReference; lastKnownFileType = sourcecode.swift; path = AppDelegate.swift; sourceTree = "<group>"; };
		AAF541FE1BB9A120002FE05A /* LoginViewController.swift */ = {isa = PBXFileReference; lastKnownFileType = sourcecode.swift; path = LoginViewController.swift; sourceTree = "<group>"; };
		AAF542011BB9A120002FE05A /* Base */ = {isa = PBXFileReference; lastKnownFileType = file.storyboard; name = Base; path = Base.lproj/Main.storyboard; sourceTree = "<group>"; };
		AAF542031BB9A120002FE05A /* Assets.xcassets */ = {isa = PBXFileReference; lastKnownFileType = folder.assetcatalog; path = Assets.xcassets; sourceTree = "<group>"; };
		AAF542061BB9A120002FE05A /* Base */ = {isa = PBXFileReference; lastKnownFileType = file.storyboard; name = Base; path = Base.lproj/LaunchScreen.storyboard; sourceTree = "<group>"; };
		AAF542081BB9A120002FE05A /* Info.plist */ = {isa = PBXFileReference; lastKnownFileType = text.plist.xml; path = Info.plist; sourceTree = "<group>"; };
		AAF8C2381BBC3F5A00144CEE /* User.swift */ = {isa = PBXFileReference; fileEncoding = 4; lastKnownFileType = sourcecode.swift; path = User.swift; sourceTree = "<group>"; };
		AAF8C23A1BBC3F7400144CEE /* Tweet.swift */ = {isa = PBXFileReference; fileEncoding = 4; lastKnownFileType = sourcecode.swift; path = Tweet.swift; sourceTree = "<group>"; };
		AAF8C23D1BBC4F3000144CEE /* TweetsViewController.swift */ = {isa = PBXFileReference; fileEncoding = 4; lastKnownFileType = sourcecode.swift; path = TweetsViewController.swift; sourceTree = "<group>"; };
		AAF8C2401BBC805E00144CEE /* TweetCell.swift */ = {isa = PBXFileReference; fileEncoding = 4; lastKnownFileType = sourcecode.swift; path = TweetCell.swift; sourceTree = "<group>"; };
		B744B76C97F78799BD36E766 /* Pods_Twitter.framework */ = {isa = PBXFileReference; explicitFileType = wrapper.framework; includeInIndex = 0; path = Pods_Twitter.framework; sourceTree = BUILT_PRODUCTS_DIR; };
/* End PBXFileReference section */

/* Begin PBXFrameworksBuildPhase section */
		AAF541F61BB9A120002FE05A /* Frameworks */ = {
			isa = PBXFrameworksBuildPhase;
			buildActionMask = 2147483647;
			files = (
				69D455F7018186DE54ED7407 /* Pods_Twitter.framework in Frameworks */,
			);
			runOnlyForDeploymentPostprocessing = 0;
		};
/* End PBXFrameworksBuildPhase section */

/* Begin PBXGroup section */
		AA57C5511BBF2EFB004A06F0 /* Static Assets */ = {
			isa = PBXGroup;
			children = (
				AA57C54B1BBF2EEA004A06F0 /* favorite.png */,
				AAB0392D1BC191FD00A6D838 /* retweeted.png */,
				AA92699E1BC0965500493AC7 /* favorited.png */,
				AA57C54C1BBF2EEA004A06F0 /* reply.png */,
				AA57C54D1BBF2EEA004A06F0 /* retweet.png */,
				AAB039351BC1BF1800A6D838 /* twitter_logo@2x.png */,
			);
			name = "Static Assets";
			sourceTree = "<group>";
		};
		AAE76F391BB9B22D004AC1EE /* API */ = {
			isa = PBXGroup;
			children = (
				AAE76F3C1BB9B2B5004AC1EE /* TwitterClient.swift */,
			);
			name = API;
			sourceTree = "<group>";
		};
		AAF541F01BB9A120002FE05A = {
			isa = PBXGroup;
			children = (
				AAF541FB1BB9A120002FE05A /* Twitter */,
				AAF541FA1BB9A120002FE05A /* Products */,
				FF9FCA814B909787DEA32812 /* Pods */,
				B72E161BA0C192BC667B7DFC /* Frameworks */,
			);
			sourceTree = "<group>";
		};
		AAF541FA1BB9A120002FE05A /* Products */ = {
			isa = PBXGroup;
			children = (
				AAF541F91BB9A120002FE05A /* Twitter.app */,
			);
			name = Products;
			sourceTree = "<group>";
		};
		AAF541FB1BB9A120002FE05A /* Twitter */ = {
			isa = PBXGroup;
			children = (
				AA57C5511BBF2EFB004A06F0 /* Static Assets */,
				AAF8C23F1BBC803A00144CEE /* Views */,
				AAF8C23C1BBC4F1700144CEE /* View Controllers */,
				AAE76F391BB9B22D004AC1EE /* API */,
				AAF8C2371BBC3F3D00144CEE /* Models */,
				AAF542001BB9A120002FE05A /* Main.storyboard */,
				AAF541FC1BB9A120002FE05A /* AppDelegate.swift */,
				AAF542031BB9A120002FE05A /* Assets.xcassets */,
				AA4B47591BC5A7A500C6D737 /* hamburger2.png */,
				AAF542051BB9A120002FE05A /* LaunchScreen.storyboard */,
				AAF542081BB9A120002FE05A /* Info.plist */,
				AAE76F361BB9A411004AC1EE /* Twitter-Bridging-Header.h */,
			);
			path = Twitter;
			sourceTree = "<group>";
		};
		AAF8C2371BBC3F3D00144CEE /* Models */ = {
			isa = PBXGroup;
			children = (
				AAF8C2381BBC3F5A00144CEE /* User.swift */,
				AAF8C23A1BBC3F7400144CEE /* Tweet.swift */,
			);
			name = Models;
			sourceTree = "<group>";
		};
		AAF8C23C1BBC4F1700144CEE /* View Controllers */ = {
			isa = PBXGroup;
			children = (
				AAF541FE1BB9A120002FE05A /* LoginViewController.swift */,
				AAF8C23D1BBC4F3000144CEE /* TweetsViewController.swift */,
				AAB039331BC1BE2A00A6D838 /* ComposeViewController.swift */,
				AAB039371BC2076900A6D838 /* TweetDetailViewController.swift */,
				AA4B47531BC578F200C6D737 /* MainViewController.swift */,
				AA86559E1BC5E78A002D2FD0 /* MentionsViewController.swift */,
				AA8655A01BC5E794002D2FD0 /* ProfileViewController.swift */,
				AA4B47551BC57B2200C6D737 /* MenuViewController.swift */,
				AA4B47571BC57E0E00C6D737 /* ContentViewController.swift */,
			);
			name = "View Controllers";
			sourceTree = "<group>";
		};
		AAF8C23F1BBC803A00144CEE /* Views */ = {
			isa = PBXGroup;
			children = (
				AAF8C2401BBC805E00144CEE /* TweetCell.swift */,
			);
			name = Views;
			sourceTree = "<group>";
		};
		B72E161BA0C192BC667B7DFC /* Frameworks */ = {
			isa = PBXGroup;
			children = (
				B744B76C97F78799BD36E766 /* Pods_Twitter.framework */,
			);
			name = Frameworks;
			sourceTree = "<group>";
		};
		FF9FCA814B909787DEA32812 /* Pods */ = {
			isa = PBXGroup;
			children = (
				15628DB6BE195DDED14104F5 /* Pods-Twitter.debug.xcconfig */,
				98CA374CBAC95D23F67C6FEE /* Pods-Twitter.release.xcconfig */,
			);
			name = Pods;
			sourceTree = "<group>";
		};
/* End PBXGroup section */

/* Begin PBXNativeTarget section */
		AAF541F81BB9A120002FE05A /* Twitter */ = {
			isa = PBXNativeTarget;
			buildConfigurationList = AAF5420B1BB9A120002FE05A /* Build configuration list for PBXNativeTarget "Twitter" */;
			buildPhases = (
				97DB8B6639E35228968AB086 /* Check Pods Manifest.lock */,
				AAF541F51BB9A120002FE05A /* Sources */,
				AAF541F61BB9A120002FE05A /* Frameworks */,
				AAF541F71BB9A120002FE05A /* Resources */,
				867CE4D20D0CD14A9D9312FE /* Embed Pods Frameworks */,
				DDB5CB24341F00D17BBA7C46 /* Copy Pods Resources */,
			);
			buildRules = (
			);
			dependencies = (
			);
			name = Twitter;
			productName = Twitter;
			productReference = AAF541F91BB9A120002FE05A /* Twitter.app */;
			productType = "com.apple.product-type.application";
		};
/* End PBXNativeTarget section */

/* Begin PBXProject section */
		AAF541F11BB9A120002FE05A /* Project object */ = {
			isa = PBXProject;
			attributes = {
				LastSwiftUpdateCheck = 0700;
				LastUpgradeCheck = 0700;
				ORGANIZATIONNAME = Nikrad;
				TargetAttributes = {
					AAF541F81BB9A120002FE05A = {
						CreatedOnToolsVersion = 7.0;
						DevelopmentTeam = RN5GEV2KT8;
					};
				};
			};
			buildConfigurationList = AAF541F41BB9A120002FE05A /* Build configuration list for PBXProject "Twitter" */;
			compatibilityVersion = "Xcode 3.2";
			developmentRegion = English;
			hasScannedForEncodings = 0;
			knownRegions = (
				en,
				Base,
			);
			mainGroup = AAF541F01BB9A120002FE05A;
			productRefGroup = AAF541FA1BB9A120002FE05A /* Products */;
			projectDirPath = "";
			projectRoot = "";
			targets = (
				AAF541F81BB9A120002FE05A /* Twitter */,
			);
		};
/* End PBXProject section */

/* Begin PBXResourcesBuildPhase section */
		AAF541F71BB9A120002FE05A /* Resources */ = {
			isa = PBXResourcesBuildPhase;
			buildActionMask = 2147483647;
			files = (
				AA4B475A1BC5A7A500C6D737 /* hamburger2.png in Resources */,
				AA92699F1BC0965500493AC7 /* favorited.png in Resources */,
				AAB0392E1BC191FD00A6D838 /* retweeted.png in Resources */,
				AAF542071BB9A120002FE05A /* LaunchScreen.storyboard in Resources */,
				AA57C54F1BBF2EEA004A06F0 /* reply.png in Resources */,
				AAF542041BB9A120002FE05A /* Assets.xcassets in Resources */,
				AAF542021BB9A120002FE05A /* Main.storyboard in Resources */,
				AA57C5501BBF2EEA004A06F0 /* retweet.png in Resources */,
				AAB039361BC1BF1800A6D838 /* twitter_logo@2x.png in Resources */,
				AA57C54E1BBF2EEA004A06F0 /* favorite.png in Resources */,
			);
			runOnlyForDeploymentPostprocessing = 0;
		};
/* End PBXResourcesBuildPhase section */

/* Begin PBXShellScriptBuildPhase section */
		867CE4D20D0CD14A9D9312FE /* Embed Pods Frameworks */ = {
			isa = PBXShellScriptBuildPhase;
			buildActionMask = 2147483647;
			files = (
			);
			inputPaths = (
			);
			name = "Embed Pods Frameworks";
			outputPaths = (
			);
			runOnlyForDeploymentPostprocessing = 0;
			shellPath = /bin/sh;
			shellScript = "\"${SRCROOT}/Pods/Target Support Files/Pods-Twitter/Pods-Twitter-frameworks.sh\"\n";
			showEnvVarsInLog = 0;
		};
		97DB8B6639E35228968AB086 /* Check Pods Manifest.lock */ = {
			isa = PBXShellScriptBuildPhase;
			buildActionMask = 2147483647;
			files = (
			);
			inputPaths = (
			);
			name = "Check Pods Manifest.lock";
			outputPaths = (
			);
			runOnlyForDeploymentPostprocessing = 0;
			shellPath = /bin/sh;
			shellScript = "diff \"${PODS_ROOT}/../Podfile.lock\" \"${PODS_ROOT}/Manifest.lock\" > /dev/null\nif [[ $? != 0 ]] ; then\n    cat << EOM\nerror: The sandbox is not in sync with the Podfile.lock. Run 'pod install' or update your CocoaPods installation.\nEOM\n    exit 1\nfi\n";
			showEnvVarsInLog = 0;
		};
		DDB5CB24341F00D17BBA7C46 /* Copy Pods Resources */ = {
			isa = PBXShellScriptBuildPhase;
			buildActionMask = 2147483647;
			files = (
			);
			inputPaths = (
			);
			name = "Copy Pods Resources";
			outputPaths = (
			);
			runOnlyForDeploymentPostprocessing = 0;
			shellPath = /bin/sh;
			shellScript = "\"${SRCROOT}/Pods/Target Support Files/Pods-Twitter/Pods-Twitter-resources.sh\"\n";
			showEnvVarsInLog = 0;
		};
/* End PBXShellScriptBuildPhase section */

/* Begin PBXSourcesBuildPhase section */
		AAF541F51BB9A120002FE05A /* Sources */ = {
			isa = PBXSourcesBuildPhase;
			buildActionMask = 2147483647;
			files = (
				AAF8C2391BBC3F5A00144CEE /* User.swift in Sources */,
				AAF8C2411BBC805E00144CEE /* TweetCell.swift in Sources */,
				AAB039381BC2076900A6D838 /* TweetDetailViewController.swift in Sources */,
				AAF8C23B1BBC3F7400144CEE /* Tweet.swift in Sources */,
				AA8655A11BC5E794002D2FD0 /* ProfileViewController.swift in Sources */,
				AA4B47581BC57E0E00C6D737 /* ContentViewController.swift in Sources */,
				AA86559F1BC5E78A002D2FD0 /* MentionsViewController.swift in Sources */,
				AA4B47561BC57B2200C6D737 /* MenuViewController.swift in Sources */,
				AAB039341BC1BE2A00A6D838 /* ComposeViewController.swift in Sources */,
				AAF8C23E1BBC4F3000144CEE /* TweetsViewController.swift in Sources */,
				AAF541FF1BB9A120002FE05A /* LoginViewController.swift in Sources */,
				AAE76F3D1BB9B2B5004AC1EE /* TwitterClient.swift in Sources */,
				AAF541FD1BB9A120002FE05A /* AppDelegate.swift in Sources */,
				AA4B47541BC578F200C6D737 /* MainViewController.swift in Sources */,
			);
			runOnlyForDeploymentPostprocessing = 0;
		};
/* End PBXSourcesBuildPhase section */

/* Begin PBXVariantGroup section */
		AAF542001BB9A120002FE05A /* Main.storyboard */ = {
			isa = PBXVariantGroup;
			children = (
				AAF542011BB9A120002FE05A /* Base */,
			);
			name = Main.storyboard;
			sourceTree = "<group>";
		};
		AAF542051BB9A120002FE05A /* LaunchScreen.storyboard */ = {
			isa = PBXVariantGroup;
			children = (
				AAF542061BB9A120002FE05A /* Base */,
			);
			name = LaunchScreen.storyboard;
			sourceTree = "<group>";
		};
/* End PBXVariantGroup section */

/* Begin XCBuildConfiguration section */
		AAF542091BB9A120002FE05A /* Debug */ = {
			isa = XCBuildConfiguration;
			buildSettings = {
				ALWAYS_SEARCH_USER_PATHS = NO;
				CLANG_CXX_LANGUAGE_STANDARD = "gnu++0x";
				CLANG_CXX_LIBRARY = "libc++";
				CLANG_ENABLE_MODULES = YES;
				CLANG_ENABLE_OBJC_ARC = YES;
				CLANG_WARN_BOOL_CONVERSION = YES;
				CLANG_WARN_CONSTANT_CONVERSION = YES;
				CLANG_WARN_DIRECT_OBJC_ISA_USAGE = YES_ERROR;
				CLANG_WARN_EMPTY_BODY = YES;
				CLANG_WARN_ENUM_CONVERSION = YES;
				CLANG_WARN_INT_CONVERSION = YES;
				CLANG_WARN_OBJC_ROOT_CLASS = YES_ERROR;
				CLANG_WARN_UNREACHABLE_CODE = YES;
				CLANG_WARN__DUPLICATE_METHOD_MATCH = YES;
				"CODE_SIGN_IDENTITY[sdk=iphoneos*]" = "iPhone Developer";
				COPY_PHASE_STRIP = NO;
				DEBUG_INFORMATION_FORMAT = dwarf;
				ENABLE_STRICT_OBJC_MSGSEND = YES;
				ENABLE_TESTABILITY = YES;
				GCC_C_LANGUAGE_STANDARD = gnu99;
				GCC_DYNAMIC_NO_PIC = NO;
				GCC_NO_COMMON_BLOCKS = YES;
				GCC_OPTIMIZATION_LEVEL = 0;
				GCC_PREPROCESSOR_DEFINITIONS = (
					"DEBUG=1",
					"$(inherited)",
				);
				GCC_WARN_64_TO_32_BIT_CONVERSION = YES;
				GCC_WARN_ABOUT_RETURN_TYPE = YES_ERROR;
				GCC_WARN_UNDECLARED_SELECTOR = YES;
				GCC_WARN_UNINITIALIZED_AUTOS = YES_AGGRESSIVE;
				GCC_WARN_UNUSED_FUNCTION = YES;
				GCC_WARN_UNUSED_VARIABLE = YES;
				IPHONEOS_DEPLOYMENT_TARGET = 9.0;
				MTL_ENABLE_DEBUG_INFO = YES;
				ONLY_ACTIVE_ARCH = YES;
				SDKROOT = iphoneos;
				SWIFT_OPTIMIZATION_LEVEL = "-Onone";
			};
			name = Debug;
		};
		AAF5420A1BB9A120002FE05A /* Release */ = {
			isa = XCBuildConfiguration;
			buildSettings = {
				ALWAYS_SEARCH_USER_PATHS = NO;
				CLANG_CXX_LANGUAGE_STANDARD = "gnu++0x";
				CLANG_CXX_LIBRARY = "libc++";
				CLANG_ENABLE_MODULES = YES;
				CLANG_ENABLE_OBJC_ARC = YES;
				CLANG_WARN_BOOL_CONVERSION = YES;
				CLANG_WARN_CONSTANT_CONVERSION = YES;
				CLANG_WARN_DIRECT_OBJC_ISA_USAGE = YES_ERROR;
				CLANG_WARN_EMPTY_BODY = YES;
				CLANG_WARN_ENUM_CONVERSION = YES;
				CLANG_WARN_INT_CONVERSION = YES;
				CLANG_WARN_OBJC_ROOT_CLASS = YES_ERROR;
				CLANG_WARN_UNREACHABLE_CODE = YES;
				CLANG_WARN__DUPLICATE_METHOD_MATCH = YES;
				"CODE_SIGN_IDENTITY[sdk=iphoneos*]" = "iPhone Developer";
				COPY_PHASE_STRIP = NO;
				DEBUG_INFORMATION_FORMAT = "dwarf-with-dsym";
				ENABLE_NS_ASSERTIONS = NO;
				ENABLE_STRICT_OBJC_MSGSEND = YES;
				GCC_C_LANGUAGE_STANDARD = gnu99;
				GCC_NO_COMMON_BLOCKS = YES;
				GCC_WARN_64_TO_32_BIT_CONVERSION = YES;
				GCC_WARN_ABOUT_RETURN_TYPE = YES_ERROR;
				GCC_WARN_UNDECLARED_SELECTOR = YES;
				GCC_WARN_UNINITIALIZED_AUTOS = YES_AGGRESSIVE;
				GCC_WARN_UNUSED_FUNCTION = YES;
				GCC_WARN_UNUSED_VARIABLE = YES;
				IPHONEOS_DEPLOYMENT_TARGET = 9.0;
				MTL_ENABLE_DEBUG_INFO = NO;
				SDKROOT = iphoneos;
				VALIDATE_PRODUCT = YES;
			};
			name = Release;
		};
		AAF5420C1BB9A120002FE05A /* Debug */ = {
			isa = XCBuildConfiguration;
			baseConfigurationReference = 15628DB6BE195DDED14104F5 /* Pods-Twitter.debug.xcconfig */;
			buildSettings = {
				ASSETCATALOG_COMPILER_APPICON_NAME = AppIcon;
				CLANG_ENABLE_MODULES = YES;
				CODE_SIGN_IDENTITY = "iPhone Developer";
				"CODE_SIGN_IDENTITY[sdk=iphoneos*]" = "iPhone Developer";
				INFOPLIST_FILE = Twitter/Info.plist;
				LD_RUNPATH_SEARCH_PATHS = "$(inherited) @executable_path/Frameworks";
				PRODUCT_BUNDLE_IDENTIFIER = com.nikrad.Twitter;
				PRODUCT_NAME = "$(TARGET_NAME)";
				PROVISIONING_PROFILE = "";
				SWIFT_OBJC_BRIDGING_HEADER = "Twitter/Twitter-Bridging-Header.h";
				SWIFT_OPTIMIZATION_LEVEL = "-Onone";
			};
			name = Debug;
		};
		AAF5420D1BB9A120002FE05A /* Release */ = {
			isa = XCBuildConfiguration;
			baseConfigurationReference = 98CA374CBAC95D23F67C6FEE /* Pods-Twitter.release.xcconfig */;
			buildSettings = {
				ASSETCATALOG_COMPILER_APPICON_NAME = AppIcon;
				CLANG_ENABLE_MODULES = YES;
				CODE_SIGN_IDENTITY = "iPhone Developer";
				"CODE_SIGN_IDENTITY[sdk=iphoneos*]" = "iPhone Developer";
				INFOPLIST_FILE = Twitter/Info.plist;
				LD_RUNPATH_SEARCH_PATHS = "$(inherited) @executable_path/Frameworks";
				PRODUCT_BUNDLE_IDENTIFIER = com.nikrad.Twitter;
				PRODUCT_NAME = "$(TARGET_NAME)";
				PROVISIONING_PROFILE = "";
				SWIFT_OBJC_BRIDGING_HEADER = "Twitter/Twitter-Bridging-Header.h";
			};
			name = Release;
		};
/* End XCBuildConfiguration section */

/* Begin XCConfigurationList section */
		AAF541F41BB9A120002FE05A /* Build configuration list for PBXProject "Twitter" */ = {
			isa = XCConfigurationList;
			buildConfigurations = (
				AAF542091BB9A120002FE05A /* Debug */,
				AAF5420A1BB9A120002FE05A /* Release */,
			);
			defaultConfigurationIsVisible = 0;
			defaultConfigurationName = Release;
		};
		AAF5420B1BB9A120002FE05A /* Build configuration list for PBXNativeTarget "Twitter" */ = {
			isa = XCConfigurationList;
			buildConfigurations = (
				AAF5420C1BB9A120002FE05A /* Debug */,
				AAF5420D1BB9A120002FE05A /* Release */,
			);
			defaultConfigurationIsVisible = 0;
			defaultConfigurationName = Release;
		};
/* End XCConfigurationList section */
	};
	rootObject = AAF541F11BB9A120002FE05A /* Project object */;
}
